
Microsoft Visual Studio Solution File, Format Version 12.00
# Visual Studio Version 16
VisualStudioVersion = 16.0.30523.141
MinimumVisualStudioVersion = 10.0.40219.1
Project("{FAE04EC0-301F-11D3-BF4B-00C04F79EFBC}") = "WhatsAppDevol", "WhatsAppDevol.csproj", "{39A99953-B6AB-414F-AB68-3F480C63DD09}"
EndProject
Global
	GlobalSection(SolutionConfigurationPlatforms) = preSolution
		Debug|Any CPU = Debug|Any CPU
		Release|Any CPU = Release|Any CPU
	EndGlobalSection
	GlobalSection(ProjectConfigurationPlatforms) = postSolution
		{39A99953-B6AB-414F-AB68-3F480C63DD09}.Debug|Any CPU.ActiveCfg = Debug|Any CPU
		{39A99953-B6AB-414F-AB68-3F480C63DD09}.Debug|Any CPU.Build.0 = Debug|Any CPU
		{39A99953-B6AB-414F-AB68-3F480C63DD09}.Release|Any CPU.ActiveCfg = Release|Any CPU
		{39A99953-B6AB-414F-AB68-3F480C63DD09}.Release|Any CPU.Build.0 = Release|Any CPU
	EndGlobalSection
	GlobalSection(SolutionProperties) = preSolution
		HideSolutionNode = FALSE
	EndGlobalSection
	GlobalSection(ExtensibilityGlobals) = postSolution
		SolutionGuid = {8713F6E3-37BF-4A5D-9E7C-59B172A7DB8A}
	EndGlobalSection
EndGlobal
